
Microsoft Visual Studio Solution File, Format Version 12.00
# Visual Studio Version 17
VisualStudioVersion = 17.14.36518.9 d17.14
MinimumVisualStudioVersion = 10.0.40219.1
Project("{FAE04EC0-301F-11D3-BF4B-00C04F79EFBC}") = "quizzzzzz3333", "quizzzzzz3333\quizzzzzz3333.csproj", "{50BAFDCA-A552-4FA4-923D-B8E202DFB30B}"
EndProject
Global
	GlobalSection(SolutionConfigurationPlatforms) = preSolution
		Debug|Any CPU = Debug|Any CPU
		Release|Any CPU = Release|Any CPU
	EndGlobalSection
	GlobalSection(ProjectConfigurationPlatforms) = postSolution
		{50BAFDCA-A552-4FA4-923D-B8E202DFB30B}.Debug|Any CPU.ActiveCfg = Debug|Any CPU
		{50BAFDCA-A552-4FA4-923D-B8E202DFB30B}.Debug|Any CPU.Build.0 = Debug|Any CPU
		{50BAFDCA-A552-4FA4-923D-B8E202DFB30B}.Release|Any CPU.ActiveCfg = Release|Any CPU
		{50BAFDCA-A552-4FA4-923D-B8E202DFB30B}.Release|Any CPU.Build.0 = Release|Any CPU
	EndGlobalSection
	GlobalSection(SolutionProperties) = preSolution
		HideSolutionNode = FALSE
	EndGlobalSection
	GlobalSection(ExtensibilityGlobals) = postSolution
		SolutionGuid = {EEEBC862-2B91-4631-97D5-BE34C9C0B61B}
	EndGlobalSection
EndGlobal
